
Microsoft Visual Studio Solution File, Format Version 12.00
# Visual Studio 14
VisualStudioVersion = 14.0.25420.1
MinimumVisualStudioVersion = 10.0.40219.1
Project("{FAE04EC0-301F-11D3-BF4B-00C04F79EFBC}") = "MvcStarter", "Mvc5_Bootstrap4_Starter\MvcStarter.csproj", "{A6655502-39EA-451F-9EDF-50CAD72833CD}"
EndProject
Global
	GlobalSection(SolutionConfigurationPlatforms) = preSolution
		Debug|Any CPU = Debug|Any CPU
		Release|Any CPU = Release|Any CPU
	EndGlobalSection
	GlobalSection(ProjectConfigurationPlatforms) = postSolution
		{A6655502-39EA-451F-9EDF-50CAD72833CD}.Debug|Any CPU.ActiveCfg = Debug|Any CPU
		{A6655502-39EA-451F-9EDF-50CAD72833CD}.Debug|Any CPU.Build.0 = Debug|Any CPU
		{A6655502-39EA-451F-9EDF-50CAD72833CD}.Release|Any CPU.ActiveCfg = Release|Any CPU
		{A6655502-39EA-451F-9EDF-50CAD72833CD}.Release|Any CPU.Build.0 = Release|Any CPU
	EndGlobalSection
	GlobalSection(SolutionProperties) = preSolution
		HideSolutionNode = FALSE
	EndGlobalSection
EndGlobal
